
Microsoft Visual Studio Solution File, Format Version 12.00
# Visual Studio 15
VisualStudioVersion = 15.0.26430.12
MinimumVisualStudioVersion = 10.0.40219.1
Project("{FAE04EC0-301F-11D3-BF4B-00C04F79EFBC}") = "ConsoleTask", "ConsoleTask\ConsoleTask.csproj", "{7415DCB0-95E9-4403-A251-339B4FE70922}"
EndProject
Project("{FAE04EC0-301F-11D3-BF4B-00C04F79EFBC}") = "ConsoleThreadPool", "ConsoleThreadPool\ConsoleThreadPool.csproj", "{406DB589-D128-4BFD-9014-B7D7EE05473D}"
EndProject
Project("{FAE04EC0-301F-11D3-BF4B-00C04F79EFBC}") = "ConsoleAutofac", "ConsoleAutofac\ConsoleAutofac.csproj", "{8FC1B197-00DA-4D12-BF5D-903F9ED44A14}"
EndProject
Global
	GlobalSection(SolutionConfigurationPlatforms) = preSolution
		Debug|Any CPU = Debug|Any CPU
		Release|Any CPU = Release|Any CPU
	EndGlobalSection
	GlobalSection(ProjectConfigurationPlatforms) = postSolution
		{7415DCB0-95E9-4403-A251-339B4FE70922}.Debug|Any CPU.ActiveCfg = Debug|Any CPU
		{7415DCB0-95E9-4403-A251-339B4FE70922}.Debug|Any CPU.Build.0 = Debug|Any CPU
		{7415DCB0-95E9-4403-A251-339B4FE70922}.Release|Any CPU.ActiveCfg = Release|Any CPU
		{7415DCB0-95E9-4403-A251-339B4FE70922}.Release|Any CPU.Build.0 = Release|Any CPU
		{406DB589-D128-4BFD-9014-B7D7EE05473D}.Debug|Any CPU.ActiveCfg = Debug|Any CPU
		{406DB589-D128-4BFD-9014-B7D7EE05473D}.Debug|Any CPU.Build.0 = Debug|Any CPU
		{406DB589-D128-4BFD-9014-B7D7EE05473D}.Release|Any CPU.ActiveCfg = Release|Any CPU
		{406DB589-D128-4BFD-9014-B7D7EE05473D}.Release|Any CPU.Build.0 = Release|Any CPU
		{8FC1B197-00DA-4D12-BF5D-903F9ED44A14}.Debug|Any CPU.ActiveCfg = Debug|Any CPU
		{8FC1B197-00DA-4D12-BF5D-903F9ED44A14}.Debug|Any CPU.Build.0 = Debug|Any CPU
		{8FC1B197-00DA-4D12-BF5D-903F9ED44A14}.Release|Any CPU.ActiveCfg = Release|Any CPU
		{8FC1B197-00DA-4D12-BF5D-903F9ED44A14}.Release|Any CPU.Build.0 = Release|Any CPU
	EndGlobalSection
	GlobalSection(SolutionProperties) = preSolution
		HideSolutionNode = FALSE
	EndGlobalSection
EndGlobal
